
Microsoft Visual Studio Solution File, Format Version 12.00
# Visual Studio Version 17
VisualStudioVersion = 17.8.34322.80
MinimumVisualStudioVersion = 10.0.40219.1
Project("{FAE04EC0-301F-11D3-BF4B-00C04F79EFBC}") = "PlaywrightDemo", "PlaywrightDemo\PlaywrightDemo.csproj", "{9FB85D95-D2BF-4F38-BA11-8BED8C11E542}"
EndProject
Global
	GlobalSection(SolutionConfigurationPlatforms) = preSolution
		Debug|Any CPU = Debug|Any CPU
		Release|Any CPU = Release|Any CPU
	EndGlobalSection
	GlobalSection(ProjectConfigurationPlatforms) = postSolution
		{9FB85D95-D2BF-4F38-BA11-8BED8C11E542}.Debug|Any CPU.ActiveCfg = Debug|Any CPU
		{9FB85D95-D2BF-4F38-BA11-8BED8C11E542}.Debug|Any CPU.Build.0 = Debug|Any CPU
		{9FB85D95-D2BF-4F38-BA11-8BED8C11E542}.Release|Any CPU.ActiveCfg = Release|Any CPU
		{9FB85D95-D2BF-4F38-BA11-8BED8C11E542}.Release|Any CPU.Build.0 = Release|Any CPU
	EndGlobalSection
	GlobalSection(SolutionProperties) = preSolution
		HideSolutionNode = FALSE
	EndGlobalSection
	GlobalSection(ExtensibilityGlobals) = postSolution
		SolutionGuid = {44C8D0F9-864E-44F9-9085-DAB4278C9E5A}
	EndGlobalSection
EndGlobal
